
Microsoft Visual Studio Solution File, Format Version 12.00
# Visual Studio Version 17
VisualStudioVersion = 17.1.32407.343
MinimumVisualStudioVersion = 10.0.40219.1
Project("{FAE04EC0-301F-11D3-BF4B-00C04F79EFBC}") = "Lesson04.02.23", "Lesson04.02.23\Lesson04.02.23.csproj", "{8A58168D-954E-4392-BA68-CA6AB30964DF}"
EndProject
Project("{FAE04EC0-301F-11D3-BF4B-00C04F79EFBC}") = "Static Class", "Static Class\Static Class.csproj", "{A6A0826A-4D52-4149-8C91-048ABE4A6E1E}"
EndProject
Project("{FAE04EC0-301F-11D3-BF4B-00C04F79EFBC}") = "Null", "Structure for reading\Null.csproj", "{29497B1E-2E47-44AD-8F80-5D2DE41577CD}"
EndProject
Project("{FAE04EC0-301F-11D3-BF4B-00C04F79EFBC}") = "Nickname", "Nickname\Nickname.csproj", "{D69C44C7-A9BD-415E-B4C6-6254A5DFC934}"
EndProject
Project("{FAE04EC0-301F-11D3-BF4B-00C04F79EFBC}") = "OOP", "OOP\OOP.csproj", "{495639B3-DDD5-40C6-8C21-334D3A211FDD}"
EndProject
Global
	GlobalSection(SolutionConfigurationPlatforms) = preSolution
		Debug|Any CPU = Debug|Any CPU
		Release|Any CPU = Release|Any CPU
	EndGlobalSection
	GlobalSection(ProjectConfigurationPlatforms) = postSolution
		{8A58168D-954E-4392-BA68-CA6AB30964DF}.Debug|Any CPU.ActiveCfg = Debug|Any CPU
		{8A58168D-954E-4392-BA68-CA6AB30964DF}.Debug|Any CPU.Build.0 = Debug|Any CPU
		{8A58168D-954E-4392-BA68-CA6AB30964DF}.Release|Any CPU.ActiveCfg = Release|Any CPU
		{8A58168D-954E-4392-BA68-CA6AB30964DF}.Release|Any CPU.Build.0 = Release|Any CPU
		{A6A0826A-4D52-4149-8C91-048ABE4A6E1E}.Debug|Any CPU.ActiveCfg = Debug|Any CPU
		{A6A0826A-4D52-4149-8C91-048ABE4A6E1E}.Debug|Any CPU.Build.0 = Debug|Any CPU
		{A6A0826A-4D52-4149-8C91-048ABE4A6E1E}.Release|Any CPU.ActiveCfg = Release|Any CPU
		{A6A0826A-4D52-4149-8C91-048ABE4A6E1E}.Release|Any CPU.Build.0 = Release|Any CPU
		{29497B1E-2E47-44AD-8F80-5D2DE41577CD}.Debug|Any CPU.ActiveCfg = Debug|Any CPU
		{29497B1E-2E47-44AD-8F80-5D2DE41577CD}.Debug|Any CPU.Build.0 = Debug|Any CPU
		{29497B1E-2E47-44AD-8F80-5D2DE41577CD}.Release|Any CPU.ActiveCfg = Release|Any CPU
		{29497B1E-2E47-44AD-8F80-5D2DE41577CD}.Release|Any CPU.Build.0 = Release|Any CPU
		{D69C44C7-A9BD-415E-B4C6-6254A5DFC934}.Debug|Any CPU.ActiveCfg = Debug|Any CPU
		{D69C44C7-A9BD-415E-B4C6-6254A5DFC934}.Debug|Any CPU.Build.0 = Debug|Any CPU
		{D69C44C7-A9BD-415E-B4C6-6254A5DFC934}.Release|Any CPU.ActiveCfg = Release|Any CPU
		{D69C44C7-A9BD-415E-B4C6-6254A5DFC934}.Release|Any CPU.Build.0 = Release|Any CPU
		{495639B3-DDD5-40C6-8C21-334D3A211FDD}.Debug|Any CPU.ActiveCfg = Debug|Any CPU
		{495639B3-DDD5-40C6-8C21-334D3A211FDD}.Debug|Any CPU.Build.0 = Debug|Any CPU
		{495639B3-DDD5-40C6-8C21-334D3A211FDD}.Release|Any CPU.ActiveCfg = Release|Any CPU
		{495639B3-DDD5-40C6-8C21-334D3A211FDD}.Release|Any CPU.Build.0 = Release|Any CPU
	EndGlobalSection
	GlobalSection(SolutionProperties) = preSolution
		HideSolutionNode = FALSE
	EndGlobalSection
	GlobalSection(ExtensibilityGlobals) = postSolution
		SolutionGuid = {2D147E1C-FB15-42DA-828D-220996498443}
	EndGlobalSection
EndGlobal
